
Microsoft Visual Studio Solution File, Format Version 12.00
# Visual Studio Version 16
VisualStudioVersion = 16.0.29613.14
MinimumVisualStudioVersion = 10.0.40219.1
Project("{9A19103F-16F7-4668-BE54-9A1E7A4F7556}") = "Festivals.ConsoleApp", "Festivals.Console\Festivals.ConsoleApp.csproj", "{55364AB3-0D0A-46B6-84E4-8E131AA0917F}"
EndProject
Project("{9A19103F-16F7-4668-BE54-9A1E7A4F7556}") = "Festivals.Library", "Festivals.Library\Festivals.Library.csproj", "{736C51B5-BF3F-4214-856D-BB68A25ACD00}"
EndProject
Project("{FAE04EC0-301F-11D3-BF4B-00C04F79EFBC}") = "Temples.DataFirstMigration", "Temples.Data\Temples.DataFirstMigration.csproj", "{2989F23B-6491-4F65-9134-4A36F030625A}"
EndProject
Project("{FAE04EC0-301F-11D3-BF4B-00C04F79EFBC}") = "Festivals.ReverseEngineered", "Festivals.ReverseEngineered\Festivals.ReverseEngineered.csproj", "{2E8907B5-D87A-4605-94EB-D4D8EEF8918B}"
EndProject
Global
	GlobalSection(SolutionConfigurationPlatforms) = preSolution
		Debug|Any CPU = Debug|Any CPU
		Release|Any CPU = Release|Any CPU
	EndGlobalSection
	GlobalSection(ProjectConfigurationPlatforms) = postSolution
		{55364AB3-0D0A-46B6-84E4-8E131AA0917F}.Debug|Any CPU.ActiveCfg = Debug|Any CPU
		{55364AB3-0D0A-46B6-84E4-8E131AA0917F}.Debug|Any CPU.Build.0 = Debug|Any CPU
		{55364AB3-0D0A-46B6-84E4-8E131AA0917F}.Release|Any CPU.ActiveCfg = Release|Any CPU
		{55364AB3-0D0A-46B6-84E4-8E131AA0917F}.Release|Any CPU.Build.0 = Release|Any CPU
		{736C51B5-BF3F-4214-856D-BB68A25ACD00}.Debug|Any CPU.ActiveCfg = Debug|Any CPU
		{736C51B5-BF3F-4214-856D-BB68A25ACD00}.Debug|Any CPU.Build.0 = Debug|Any CPU
		{736C51B5-BF3F-4214-856D-BB68A25ACD00}.Release|Any CPU.ActiveCfg = Release|Any CPU
		{736C51B5-BF3F-4214-856D-BB68A25ACD00}.Release|Any CPU.Build.0 = Release|Any CPU
		{2989F23B-6491-4F65-9134-4A36F030625A}.Debug|Any CPU.ActiveCfg = Debug|Any CPU
		{2989F23B-6491-4F65-9134-4A36F030625A}.Debug|Any CPU.Build.0 = Debug|Any CPU
		{2989F23B-6491-4F65-9134-4A36F030625A}.Release|Any CPU.ActiveCfg = Release|Any CPU
		{2989F23B-6491-4F65-9134-4A36F030625A}.Release|Any CPU.Build.0 = Release|Any CPU
		{2E8907B5-D87A-4605-94EB-D4D8EEF8918B}.Debug|Any CPU.ActiveCfg = Debug|Any CPU
		{2E8907B5-D87A-4605-94EB-D4D8EEF8918B}.Debug|Any CPU.Build.0 = Debug|Any CPU
		{2E8907B5-D87A-4605-94EB-D4D8EEF8918B}.Release|Any CPU.ActiveCfg = Release|Any CPU
		{2E8907B5-D87A-4605-94EB-D4D8EEF8918B}.Release|Any CPU.Build.0 = Release|Any CPU
	EndGlobalSection
	GlobalSection(SolutionProperties) = preSolution
		HideSolutionNode = FALSE
	EndGlobalSection
	GlobalSection(ExtensibilityGlobals) = postSolution
		SolutionGuid = {1C0EDEFC-E368-4214-B00C-2DEC42512D46}
	EndGlobalSection
EndGlobal
